
Microsoft Visual Studio Solution File, Format Version 12.00
# Visual Studio Version 17
VisualStudioVersion = 17.3.32819.101
MinimumVisualStudioVersion = 10.0.40219.1
Project("{9A19103F-16F7-4668-BE54-9A1E7A4F7556}") = "Shapes", "Shapes\Shapes.csproj", "{F625D162-0724-44F4-9EC1-FA619F0E2FF7}"
EndProject
Project("{FAE04EC0-301F-11D3-BF4B-00C04F79EFBC}") = "Console", "..\Console\Console.csproj", "{A47DA826-578B-458A-AE1B-750859E9287E}"
EndProject
Global
	GlobalSection(SolutionConfigurationPlatforms) = preSolution
		Debug|Any CPU = Debug|Any CPU
		Release|Any CPU = Release|Any CPU
	EndGlobalSection
	GlobalSection(ProjectConfigurationPlatforms) = postSolution
		{F625D162-0724-44F4-9EC1-FA619F0E2FF7}.Debug|Any CPU.ActiveCfg = Debug|Any CPU
		{F625D162-0724-44F4-9EC1-FA619F0E2FF7}.Debug|Any CPU.Build.0 = Debug|Any CPU
		{F625D162-0724-44F4-9EC1-FA619F0E2FF7}.Release|Any CPU.ActiveCfg = Release|Any CPU
		{F625D162-0724-44F4-9EC1-FA619F0E2FF7}.Release|Any CPU.Build.0 = Release|Any CPU
		{A47DA826-578B-458A-AE1B-750859E9287E}.Debug|Any CPU.ActiveCfg = Debug|Any CPU
		{A47DA826-578B-458A-AE1B-750859E9287E}.Debug|Any CPU.Build.0 = Debug|Any CPU
		{A47DA826-578B-458A-AE1B-750859E9287E}.Release|Any CPU.ActiveCfg = Release|Any CPU
		{A47DA826-578B-458A-AE1B-750859E9287E}.Release|Any CPU.Build.0 = Release|Any CPU
	EndGlobalSection
	GlobalSection(SolutionProperties) = preSolution
		HideSolutionNode = FALSE
	EndGlobalSection
	GlobalSection(ExtensibilityGlobals) = postSolution
		SolutionGuid = {54A69845-AF54-42B9-861D-17F1A77073F1}
	EndGlobalSection
EndGlobal
